
Microsoft Visual Studio Solution File, Format Version 12.00
# Visual Studio Version 17
VisualStudioVersion = 17.3.32825.248
MinimumVisualStudioVersion = 10.0.40219.1
Project("{2150E333-8FDC-42A3-9474-1A3956D46DE8}") = "clients", "clients", "{0ECB9E73-EDBE-41C9-A737-706619F69225}"
EndProject
Project("{2150E333-8FDC-42A3-9474-1A3956D46DE8}") = "server", "server", "{C8A7D244-2D59-4A7A-8566-083C515EB468}"
EndProject
Project("{FAE04EC0-301F-11D3-BF4B-00C04F79EFBC}") = "MultApps.Client.Windows", "clients\MultApps.Client.Windows\MultApps.Client.Windows.csproj", "{19A72AB2-9E70-4A14-992D-92393588CE09}"
EndProject
Project("{FAE04EC0-301F-11D3-BF4B-00C04F79EFBC}") = "MultApps.Server.Core", "server\MultApps.Server.Core\MultApps.Server.Core.csproj", "{A875530E-A446-4AAF-BB73-71144233D0E4}"
EndProject
Global
	GlobalSection(SolutionConfigurationPlatforms) = preSolution
		Debug|Any CPU = Debug|Any CPU
		Release|Any CPU = Release|Any CPU
	EndGlobalSection
	GlobalSection(ProjectConfigurationPlatforms) = postSolution
		{19A72AB2-9E70-4A14-992D-92393588CE09}.Debug|Any CPU.ActiveCfg = Debug|Any CPU
		{19A72AB2-9E70-4A14-992D-92393588CE09}.Debug|Any CPU.Build.0 = Debug|Any CPU
		{19A72AB2-9E70-4A14-992D-92393588CE09}.Release|Any CPU.ActiveCfg = Release|Any CPU
		{19A72AB2-9E70-4A14-992D-92393588CE09}.Release|Any CPU.Build.0 = Release|Any CPU
		{A875530E-A446-4AAF-BB73-71144233D0E4}.Debug|Any CPU.ActiveCfg = Debug|Any CPU
		{A875530E-A446-4AAF-BB73-71144233D0E4}.Debug|Any CPU.Build.0 = Debug|Any CPU
		{A875530E-A446-4AAF-BB73-71144233D0E4}.Release|Any CPU.ActiveCfg = Release|Any CPU
		{A875530E-A446-4AAF-BB73-71144233D0E4}.Release|Any CPU.Build.0 = Release|Any CPU
	EndGlobalSection
	GlobalSection(SolutionProperties) = preSolution
		HideSolutionNode = FALSE
	EndGlobalSection
	GlobalSection(NestedProjects) = preSolution
		{19A72AB2-9E70-4A14-992D-92393588CE09} = {0ECB9E73-EDBE-41C9-A737-706619F69225}
		{A875530E-A446-4AAF-BB73-71144233D0E4} = {C8A7D244-2D59-4A7A-8566-083C515EB468}
	EndGlobalSection
	GlobalSection(ExtensibilityGlobals) = postSolution
		SolutionGuid = {2DC55D2E-2ECC-4A63-B78F-190FAF091187}
	EndGlobalSection
EndGlobal
